# THIS IS AN AUTOGENERATED FILE. DO NOT EDIT THIS FILE DIRECTLY.
# yarn lockfile v1


balanced-match@^1.0.0:
  version "1.0.2"
  resolved "https://registry.yarnpkg.com/balanced-match/-/balanced-match-1.0.2.tgz#e83e3a7e3f300b34cb9d87f615fa0cbf357690ee"
  integrity sha512-3oSeUO0TMV67hN1AmbXsK4yaqU7tjiHlbxRDZOpH0KW9+CeX4bRAaX0Anxt0tx2MrpRpWwQaPwIlISEJhYU5Pw==

brace-expansion@^1.1.7:
  version "1.1.11"
  resolved "https://registry.yarnpkg.com/brace-expansion/-/brace-expansion-1.1.11.tgz#3c7fcbf529d87226f3d2f52b966ff5271eb441dd"
  integrity sha512-iCuPHDFgrHX7H2vEI/5xpz07zSHB00TpugqhmYtVmMO6518mCuRMoOYFldEBl0g187ufozdaHgWKcYFb61qGiA==
  dependencies:
    balanced-match "^1.0.0"
    concat-map "0.0.1"

concat-map@0.0.1:
  version "0.0.1"
  resolved "https://registry.yarnpkg.com/concat-map/-/concat-map-0.0.1.tgz#d8a96bd77fd68df7793a73036a3ba0d5405d477b"
  integrity sha1-2Klr13/Wjfd5OnMDajug1UBdR3s=

function-bind@^1.1.1:
  version "1.1.1"
  resolved "https://registry.yarnpkg.com/function-bind/-/function-bind-1.1.1.tgz#a56899d3ea3c9bab874bb9773b7c5ede92f4895d"
  integrity sha512-yIovAzMX49sF8Yl58fSCWJ5svSLuaibPxXQJFLmBObTuCr0Mf1KiPopGM9NiFjiYBCbfaa2Fh6breQ6ANVTI0A==

has@^1.0.3:
  version "1.0.3"
  resolved "https://registry.yarnpkg.com/has/-/has-1.0.3.tgz#722d7cbfc1f6aa8241f16dd814e011e1f41e8796"
  integrity sha512-f2dvO0VU6Oej7RkWJGrehjbzMAjFp5/VKPp5tTpWIV4JHHZK1/BxbFRtf/siA2SWTe09caDmVtYYzWEIbBS4zw==
  dependencies:
    function-bind "^1.1.1"

is-core-module@^2.2.0:
  version "2.4.0"
  resolved "https://registry.yarnpkg.com/is-core-module/-/is-core-module-2.4.0.tgz#8e9fc8e15027b011418026e98f0e6f4d86305cc1"
  integrity sha512-6A2fkfq1rfeQZjxrZJGerpLCTHRNEBiSgnu0+obeJpEPZRUooHgsizvzv0ZjJwOz3iWIHdJtVWJ/tmPr3D21/A==
  dependencies:
    has "^1.0.3"

minimatch@^3.0.4:
  version "3.0.4"
  resolved "https://registry.yarnpkg.com/minimatch/-/minimatch-3.0.4.tgz#5166e286457f03306064be5497e8dbb0c3d32083"
  integrity sha512-yJHVQEhyqPLUTgt9B83PXu6W3rx4MvvHvSUvToogpwoGDOUQ+yDrR0HRot+yOCdCO7u4hX3pWft6kWBBcqh0UA==
  dependencies:
    brace-expansion "^1.1.7"

miniprogram-api-typings@^3.3.2:
  version "3.3.2"
  resolved "https://registry.yarnpkg.com/miniprogram-api-typings/-/miniprogram-api-typings-3.3.2.tgz#1e6aa65817e6534850141cd2af23eeff6ba61b4e"
  integrity sha512-i8yxwPOGYZ33J/VoJR/mA0Ps2JKuUE6wsn8pdHqKpUrskZuxNsjVf8Z5TPLBisYis3drLdJQ5Gjon8WIwXswYg==

path-parse@^1.0.6:
  version "1.0.7"
  resolved "https://registry.yarnpkg.com/path-parse/-/path-parse-1.0.7.tgz#fbc114b60ca42b30d9daf5858e4bd68bbedb6735"
  integrity sha512-LDJzPVEEEPR+y48z93A0Ed0yXb8pAByGWo/k5YYdYgpY2/2EsOsksJrq7lOHxryrVOn1ejG6oAp8ahvOIQD8sw==

resolve@>=1.9.0:
  version "1.20.0"
  resolved "https://registry.yarnpkg.com/resolve/-/resolve-1.20.0.tgz#629a013fb3f70755d6f0b7935cc1c2c5378b1975"
  integrity sha512-wENBPt4ySzg4ybFQW2TT1zMQucPK95HSh/nq2CFTZVOGut2+pQvSsgtda4d26YrYcr067wjbmzOG8byDPBX63A==
  dependencies:
    is-core-module "^2.2.0"
    path-parse "^1.0.6"

ttypescript@^1.5.12:
  version "1.5.12"
  resolved "https://registry.yarnpkg.com/ttypescript/-/ttypescript-1.5.12.tgz#27a8356d7d4e719d0075a8feb4df14b52384f044"
  integrity sha512-1ojRyJvpnmgN9kIHmUnQPlEV1gq+VVsxVYjk/NfvMlHSmYxjK5hEvOOU2MQASrbekTUiUM7pR/nXeCc8bzvMOQ==
  dependencies:
    resolve ">=1.9.0"

typescript-transform-paths@^2.2.4:
  version "2.2.4"
  resolved "https://registry.yarnpkg.com/typescript-transform-paths/-/typescript-transform-paths-2.2.4.tgz#9d4b74a063918ce528b696766634f854b8ce9134"
  integrity sha512-i+/sgp3rw1ZronMCm2TKGBy1dlvN88Kd8CCb+HWnOE8+Hv0uIVnbC8xM5AD2t1JBCWabEhuH9p3n8DOVi0+R6g==
  dependencies:
    minimatch "^3.0.4"

typescript@^3.3.3333:
  version "3.9.9"
  resolved "https://registry.yarnpkg.com/typescript/-/typescript-3.9.9.tgz#e69905c54bc0681d0518bd4d587cc6f2d0b1a674"
  integrity sha512-kdMjTiekY+z/ubJCATUPlRDl39vXYiMV9iyeMuEuXZh2we6zz80uovNN2WlAxmmdE/Z/YQe+EbOEXB5RHEED3w==
