# THIS IS AN AUTOGENERATED FILE. DO NOT EDIT THIS FILE DIRECTLY.
# yarn lockfile v1


"@miniprogram-i18n/core@^1.0.0-rc.11":
  version "1.0.0-rc.11"
  resolved "https://registry.yarnpkg.com/@miniprogram-i18n/core/-/core-1.0.0-rc.11.tgz#d60cf53bad3a4dfa01352e3c391cbdff85099514"
  integrity sha512-3mlFDw0vrNtXKbcVOXoElAzsjq18vvNZXqxScs0OJXCQr+a4z2kObcWhZvYG6rHrwW1QQf0wmavCMi6wQdxUIw==
  dependencies:
    format-message-interpret "^6.2.0"
    message-format "^6.2.0"
    shallowequal "^1.1.0"

format-message-formats@^6.2.0:
  version "6.2.0"
  resolved "https://registry.yarnpkg.com/format-message-formats/-/format-message-formats-6.2.0.tgz#231c2a3d2806e3200331c7aa06430cb403f58792"
  integrity sha512-QP0dl1O9P3fDCG5klj101nfizgiWiv0T+DMNBqwi25FvB1LIenQQW4PpULk5zO5PiOSvmMu5pW4HS542kJRAww==

format-message-interpret@^6.2.0, format-message-interpret@^6.2.3:
  version "6.2.3"
  resolved "https://registry.yarnpkg.com/format-message-interpret/-/format-message-interpret-6.2.3.tgz#ee72fe924102c7d3f0c2d12797f53d8d93795810"
  integrity sha512-OoOdB5yHLzW89RwDQW4fj+8p2Eay9Dtmx4B7Tz8C/QQl/j+aVjy65A5xasQhQD+4JumYU/OxMBdjYzBSR8+ivA==
  dependencies:
    format-message-formats "^6.2.0"
    lookup-closest-locale "^6.2.0"

format-message-parse@^6.2.3:
  version "6.2.3"
  resolved "https://registry.yarnpkg.com/format-message-parse/-/format-message-parse-6.2.3.tgz#1393d9e2bc598603a36be992379781a78d1b6c08"
  integrity sha512-ZSL3nZ0zaDktDAGwkoGJ439rS9ZfTcMOrWAVav9BOAoKs0qE2Ozal2H6vVJOuIdDhwaJuFqvJ7fdRSE+qR5oNg==

lookup-closest-locale@^6.2.0:
  version "6.2.0"
  resolved "https://registry.yarnpkg.com/lookup-closest-locale/-/lookup-closest-locale-6.2.0.tgz#57f665e604fd26f77142d48152015402b607bcf3"
  integrity sha512-/c2kL+Vnp1jnV6K6RpDTHK3dgg0Tu2VVp+elEiJpjfS1UyY7AjOYHohRug6wT0OpoX2qFgNORndE9RqesfVxWQ==

message-format@^6.2.0:
  version "6.2.3"
  resolved "https://registry.yarnpkg.com/message-format/-/message-format-6.2.3.tgz#630f2b1d735df2fa1c2e704aca6b0e1d31c7369f"
  integrity sha512-ECkWp77oBdMVLlLxHXyNb5U/Dn13LgFUCP/3TxpGbgXEtxY4OXykoB/+c+fnIBcowOQmnxeqOvx2i+U8fBfD1Q==
  dependencies:
    format-message-interpret "^6.2.3"
    format-message-parse "^6.2.3"

shallowequal@^1.1.0:
  version "1.1.0"
  resolved "https://registry.yarnpkg.com/shallowequal/-/shallowequal-1.1.0.tgz#188d521de95b9087404fd4dcb68b13df0ae4e7f8"
  integrity sha512-y0m1JoUZSlPAjXVtPPW70aZWfIL/dSP7AFkRnniLCrK/8MDKog3TySTBmckD+RObVxH0v4Tox67+F14PdED2oQ==
